{
  "version": 4,
  "terraform_version": "1.11.4",
  "serial": 4,
  "lineage": "ada4551e-487a-41d4-4a53-39bfae6178de",
  "outputs": {},
  "resources": [
    {
      "module": "module.harbor",
      "mode": "managed",
      "type": "helm_release",
      "name": "harbor",
      "provider": "provider[\"registry.terraform.io/hashicorp/helm\"]",
      "instances": [
        {
          "schema_version": 1,
          "attributes": {
            "atomic": false,
            "chart": "harbor",
            "cleanup_on_fail": false,
            "create_namespace": false,
            "dependency_update": false,
            "description": null,
            "devel": null,
            "disable_crd_hooks": false,
            "disable_openapi_validation": false,
            "disable_webhooks": false,
            "force_update": false,
            "id": "harbor-diego-navarro",
            "keyring": null,
            "lint": false,
            "manifest": null,
            "max_history": 0,
            "metadata": [
              {
                "app_version": "2.9.0",
                "chart": "harbor",
                "name": "harbor-diego-navarro",
                "namespace": "diego-navarro",
                "revision": 1,
                "values": "{\"externalURL\":\"https://harbor.test.diegonavarro.local\",\"harborAdminPassword\":\"ly1qyg@df!hHKGB^nc3s6eL7vx\\u0026$\",\"persistence\":{\"persistentVolumeClaim\":{\"database\":{\"storageClass\":\"kadalu.external-gluster-nfs-test\"},\"redis\":{\"storageClass\":\"kadalu.external-gluster-nfs-test\"},\"registry\":{\"storageClass\":\"kadalu.external-gluster-nfs-test\"},\"trivy\":{\"storageClass\":\"kadalu.external-gluster-nfs-test\"}}},\"redis\":{\"internal\":{\"image\":{\"repository\":\"redis\",\"tag\":\"latest\"}}},\"service\":{\"tls\":{\"enabled\":false},\"type\":\"LoadBalancer\"}}",
                "version": "1.13.0"
              }
            ],
            "name": "harbor-diego-navarro",
            "namespace": "diego-navarro",
            "pass_credentials": false,
            "postrender": [],
            "recreate_pods": false,
            "render_subchart_notes": true,
            "replace": false,
            "repository": "https://helm.goharbor.io",
            "repository_ca_file": null,
            "repository_cert_file": null,
            "repository_key_file": null,
            "repository_password": null,
            "repository_username": null,
            "reset_values": false,
            "reuse_values": false,
            "set": [
              {
                "name": "externalURL",
                "type": "",
                "value": "https://harbor.test.diegonavarro.local"
              },
              {
                "name": "harborAdminPassword",
                "type": "",
                "value": "ly1qyg@df!hHKGB^nc3s6eL7vx\u0026$"
              },
              {
                "name": "persistence.persistentVolumeClaim.database.storageClass",
                "type": "",
                "value": "kadalu.external-gluster-nfs-test"
              },
              {
                "name": "persistence.persistentVolumeClaim.redis.storageClass",
                "type": "",
                "value": "kadalu.external-gluster-nfs-test"
              },
              {
                "name": "persistence.persistentVolumeClaim.registry.storageClass",
                "type": "",
                "value": "kadalu.external-gluster-nfs-test"
              },
              {
                "name": "persistence.persistentVolumeClaim.trivy.storageClass",
                "type": "",
                "value": "kadalu.external-gluster-nfs-test"
              },
              {
                "name": "redis.internal.image.repository",
                "type": "",
                "value": "redis"
              },
              {
                "name": "redis.internal.image.tag",
                "type": "",
                "value": "latest"
              },
              {
                "name": "service.tls.enabled",
                "type": "",
                "value": "false"
              },
              {
                "name": "service.type",
                "type": "",
                "value": "LoadBalancer"
              }
            ],
            "set_list": [],
            "set_sensitive": [],
            "skip_crds": false,
            "status": "deployed",
            "timeout": 300,
            "values": null,
            "verify": false,
            "version": "1.13.0",
            "wait": true,
            "wait_for_jobs": false
          },
          "sensitive_attributes": [
            [
              {
                "type": "get_attr",
                "value": "set"
              }
            ],
            [
              {
                "type": "get_attr",
                "value": "repository_password"
              }
            ]
          ],
          "private": "eyJzY2hlbWFfdmVyc2lvbiI6IjEifQ=="
        }
      ]
    },
    {
      "module": "module.harbor",
      "mode": "managed",
      "type": "kubernetes_service",
      "name": "harbor_lb",
      "provider": "provider[\"registry.terraform.io/hashicorp/kubernetes\"]",
      "instances": [
        {
          "status": "tainted",
          "schema_version": 1,
          "attributes": {
            "id": "diego-navarro/harbor-lb-diego-navarro",
            "metadata": [
              {
                "annotations": {
                  "metallb.universe.tf/allow-shared-ip": "shared"
                },
                "generate_name": "",
                "generation": 0,
                "labels": null,
                "name": "harbor-lb-diego-navarro",
                "namespace": "diego-navarro",
                "resource_version": "",
                "uid": ""
              }
            ],
            "spec": [
              {
                "allocate_load_balancer_node_ports": true,
                "cluster_ip": "",
                "cluster_ips": [],
                "external_ips": null,
                "external_name": "",
                "external_traffic_policy": "",
                "health_check_node_port": 0,
                "internal_traffic_policy": "",
                "ip_families": [],
                "ip_family_policy": "",
                "load_balancer_class": "",
                "load_balancer_ip": "",
                "load_balancer_source_ranges": null,
                "port": [
                  {
                    "app_protocol": "",
                    "name": "http",
                    "node_port": 0,
                    "port": 80,
                    "protocol": "TCP",
                    "target_port": "8080"
                  },
                  {
                    "app_protocol": "",
                    "name": "https",
                    "node_port": 0,
                    "port": 443,
                    "protocol": "TCP",
                    "target_port": "8443"
                  }
                ],
                "publish_not_ready_addresses": false,
                "selector": {
                  "app": "harbor"
                },
                "session_affinity": "None",
                "session_affinity_config": [],
                "type": "LoadBalancer"
              }
            ],
            "status": null,
            "timeouts": null,
            "wait_for_load_balancer": true
          },
          "sensitive_attributes": [],
          "private": "eyJlMmJmYjczMC1lY2FhLTExZTYtOGY4OC0zNDM2M2JjN2M0YzAiOnsiY3JlYXRlIjo2MDAwMDAwMDAwMDB9LCJzY2hlbWFfdmVyc2lvbiI6IjEifQ==",
          "dependencies": [
            "module.harbor.helm_release.harbor"
          ]
        }
      ]
    }
  ],
  "check_results": null
}
